
Microsoft Visual Studio Solution File, Format Version 12.00
# Visual Studio Version 17
VisualStudioVersion = 17.8.34525.116
MinimumVisualStudioVersion = 10.0.40219.1
Project("{FAE04EC0-301F-11D3-BF4B-00C04F79EFBC}") = "NSwagMSBuildSample", "NSwagMSBuildSample\NSwagMSBuildSample.csproj", "{AC01CC49-C88A-4081-93FE-6124D4B3BCC4}"
EndProject
Project("{FAE04EC0-301F-11D3-BF4B-00C04F79EFBC}") = "OutputConsole", "OutputConsole\OutputConsole.csproj", "{0963B4E5-FF73-4F38-9BBA-85263E0FEADB}"
EndProject
Project("{FAE04EC0-301F-11D3-BF4B-00C04F79EFBC}") = "NSwagClient", "NSwagClient\NSwagClient.csproj", "{4BC63F9F-D903-48D8-8CE6-87D535F7DA6E}"
EndProject
Global
	GlobalSection(SolutionConfigurationPlatforms) = preSolution
		Debug|Any CPU = Debug|Any CPU
		Release|Any CPU = Release|Any CPU
	EndGlobalSection
	GlobalSection(ProjectConfigurationPlatforms) = postSolution
		{AC01CC49-C88A-4081-93FE-6124D4B3BCC4}.Debug|Any CPU.ActiveCfg = Debug|Any CPU
		{AC01CC49-C88A-4081-93FE-6124D4B3BCC4}.Debug|Any CPU.Build.0 = Debug|Any CPU
		{AC01CC49-C88A-4081-93FE-6124D4B3BCC4}.Release|Any CPU.ActiveCfg = Release|Any CPU
		{AC01CC49-C88A-4081-93FE-6124D4B3BCC4}.Release|Any CPU.Build.0 = Release|Any CPU
		{0963B4E5-FF73-4F38-9BBA-85263E0FEADB}.Debug|Any CPU.ActiveCfg = Debug|Any CPU
		{0963B4E5-FF73-4F38-9BBA-85263E0FEADB}.Debug|Any CPU.Build.0 = Debug|Any CPU
		{0963B4E5-FF73-4F38-9BBA-85263E0FEADB}.Release|Any CPU.ActiveCfg = Release|Any CPU
		{0963B4E5-FF73-4F38-9BBA-85263E0FEADB}.Release|Any CPU.Build.0 = Release|Any CPU
		{4BC63F9F-D903-48D8-8CE6-87D535F7DA6E}.Debug|Any CPU.ActiveCfg = Debug|Any CPU
		{4BC63F9F-D903-48D8-8CE6-87D535F7DA6E}.Debug|Any CPU.Build.0 = Debug|Any CPU
		{4BC63F9F-D903-48D8-8CE6-87D535F7DA6E}.Release|Any CPU.ActiveCfg = Release|Any CPU
		{4BC63F9F-D903-48D8-8CE6-87D535F7DA6E}.Release|Any CPU.Build.0 = Release|Any CPU
	EndGlobalSection
	GlobalSection(SolutionProperties) = preSolution
		HideSolutionNode = FALSE
	EndGlobalSection
	GlobalSection(ExtensibilityGlobals) = postSolution
		SolutionGuid = {A6AD26E3-FB86-4DDA-B878-A60E2505269B}
	EndGlobalSection
EndGlobal
